
Microsoft Visual Studio Solution File, Format Version 12.00
# Visual Studio 2013
VisualStudioVersion = 12.0.30723.0
MinimumVisualStudioVersion = 10.0.40219.1
Project("{FAE04EC0-301F-11D3-BF4B-00C04F79EFBC}") = "Calendar.Web", "Calendar.Web\Calendar.Web.csproj", "{ED923BEC-FBBC-4768-AEEC-EC1E6A749F2B}"
EndProject
Project("{FAE04EC0-301F-11D3-BF4B-00C04F79EFBC}") = "Calendar.Test", "Calendar.Test\Calendar.Test.csproj", "{03872E13-DC33-400E-BE9A-F7BEAED94D3A}"
EndProject
Project("{FAE04EC0-301F-11D3-BF4B-00C04F79EFBC}") = "Calendar.Console", "Calendar.Console\Calendar.Console.csproj", "{0D2B25F9-7A50-444A-8959-5A6FACDB4CBF}"
EndProject
Global
	GlobalSection(SolutionConfigurationPlatforms) = preSolution
		Debug|Any CPU = Debug|Any CPU
		Release|Any CPU = Release|Any CPU
	EndGlobalSection
	GlobalSection(ProjectConfigurationPlatforms) = postSolution
		{ED923BEC-FBBC-4768-AEEC-EC1E6A749F2B}.Debug|Any CPU.ActiveCfg = Debug|Any CPU
		{ED923BEC-FBBC-4768-AEEC-EC1E6A749F2B}.Debug|Any CPU.Build.0 = Debug|Any CPU
		{ED923BEC-FBBC-4768-AEEC-EC1E6A749F2B}.Release|Any CPU.ActiveCfg = Release|Any CPU
		{ED923BEC-FBBC-4768-AEEC-EC1E6A749F2B}.Release|Any CPU.Build.0 = Release|Any CPU
		{03872E13-DC33-400E-BE9A-F7BEAED94D3A}.Debug|Any CPU.ActiveCfg = Debug|Any CPU
		{03872E13-DC33-400E-BE9A-F7BEAED94D3A}.Debug|Any CPU.Build.0 = Debug|Any CPU
		{03872E13-DC33-400E-BE9A-F7BEAED94D3A}.Release|Any CPU.ActiveCfg = Release|Any CPU
		{03872E13-DC33-400E-BE9A-F7BEAED94D3A}.Release|Any CPU.Build.0 = Release|Any CPU
		{0D2B25F9-7A50-444A-8959-5A6FACDB4CBF}.Debug|Any CPU.ActiveCfg = Debug|Any CPU
		{0D2B25F9-7A50-444A-8959-5A6FACDB4CBF}.Debug|Any CPU.Build.0 = Debug|Any CPU
		{0D2B25F9-7A50-444A-8959-5A6FACDB4CBF}.Release|Any CPU.ActiveCfg = Release|Any CPU
		{0D2B25F9-7A50-444A-8959-5A6FACDB4CBF}.Release|Any CPU.Build.0 = Release|Any CPU
	EndGlobalSection
	GlobalSection(SolutionProperties) = preSolution
		HideSolutionNode = FALSE
	EndGlobalSection
EndGlobal
